PODS:
  - FLEX (4.7.0)
  - linphone-sdk (5.0.71):
    - linphone-sdk/all-frameworks (= 5.0.71)
    - linphone-sdk/app-extension (= 5.0.71)
    - linphone-sdk/app-extension-swift (= 5.0.71)
    - linphone-sdk/basic-frameworks (= 5.0.71)
    - linphone-sdk/swift (= 5.0.71)
  - linphone-sdk/all-frameworks (5.0.71)
  - linphone-sdk/app-extension (5.0.71)
  - linphone-sdk/app-extension-swift (5.0.71):
    - linphone-sdk/app-extension
  - linphone-sdk/basic-frameworks (5.0.71):
    - linphone-sdk/app-extension
  - linphone-sdk/swift (5.0.71):
    - linphone-sdk/app-extension-swift
    - linphone-sdk/basic-frameworks

DEPENDENCIES:
  - FLEX
  - linphone-sdk (~> 5.0.48)

SPEC REPOS:
  https://github.com/CocoaPods/Specs.git:
    - FLEX
  https://gitlab.linphone.org/BC/public/podspec.git:
    - linphone-sdk

SPEC CHECKSUMS:
  FLEX: bdc9ac7d4a239e3d04c298c01221203257d63a80
  linphone-sdk: 03dc37f2db70e06d919f7f65a738f45681f18eea

PODFILE CHECKSUM: 32dcd0c26b7730c3f01cf11d48875f81880745cc

COCOAPODS: 1.11.3
